
Microsoft Visual Studio Solution File, Format Version 11.00
# Visual Studio 2010
Project("{FAE04EC0-301F-11D3-BF4B-00C04F79EFBC}") = "Assembly-CSharp", "Assembly-CSharp.csproj", "{20baef77-9d7e-fda9-70d5-f2cc25830dc2}"
EndProject
Project("{FAE04EC0-301F-11D3-BF4B-00C04F79EFBC}") = "Assembly-CSharp", "Assembly-CSharp.Player.csproj", "{a260cef3-3865-5496-c1be-5933787eced1}"
EndProject
Global
	GlobalSection(SolutionConfigurationPlatforms) = preSolution
		Debug|Any CPU = Debug|Any CPU
		Release|Any CPU = Release|Any CPU
	EndGlobalSection
	GlobalSection(ProjectConfigurationPlatforms) = postSolution
		{20baef77-9d7e-fda9-70d5-f2cc25830dc2}.Debug|Any CPU.ActiveCfg = Debug|Any CPU
		{20baef77-9d7e-fda9-70d5-f2cc25830dc2}.Debug|Any CPU.Build.0 = Debug|Any CPU
		{20baef77-9d7e-fda9-70d5-f2cc25830dc2}.Release|Any CPU.ActiveCfg = Release|Any CPU
		{20baef77-9d7e-fda9-70d5-f2cc25830dc2}.Release|Any CPU.Build.0 = Release|Any CPU
		{a260cef3-3865-5496-c1be-5933787eced1}.Debug|Any CPU.ActiveCfg = Debug|Any CPU
		{a260cef3-3865-5496-c1be-5933787eced1}.Debug|Any CPU.Build.0 = Debug|Any CPU
		{a260cef3-3865-5496-c1be-5933787eced1}.Release|Any CPU.ActiveCfg = Release|Any CPU
		{a260cef3-3865-5496-c1be-5933787eced1}.Release|Any CPU.Build.0 = Release|Any CPU
	EndGlobalSection
	GlobalSection(SolutionProperties) = preSolution
		HideSolutionNode = FALSE
	EndGlobalSection
EndGlobal
